
Microsoft Visual Studio Solution File, Format Version 12.00
# Visual Studio Version 16
VisualStudioVersion = 16.0.29025.244
MinimumVisualStudioVersion = 10.0.40219.1
Project("{FAE04EC0-301F-11D3-BF4B-00C04F79EFBC}") = "Schulzy.Minesweeper.UI.Winforms", "Schulzy.Minesweeper.UI.Winforms\Schulzy.Minesweeper.UI.Winforms.csproj", "{3008FCE0-AF53-4D43-89AA-3A9845B788FB}"
EndProject
Global
	GlobalSection(SolutionConfigurationPlatforms) = preSolution
		Debug|Any CPU = Debug|Any CPU
		Release|Any CPU = Release|Any CPU
	EndGlobalSection
	GlobalSection(ProjectConfigurationPlatforms) = postSolution
		{3008FCE0-AF53-4D43-89AA-3A9845B788FB}.Debug|Any CPU.ActiveCfg = Debug|Any CPU
		{3008FCE0-AF53-4D43-89AA-3A9845B788FB}.Debug|Any CPU.Build.0 = Debug|Any CPU
		{3008FCE0-AF53-4D43-89AA-3A9845B788FB}.Release|Any CPU.ActiveCfg = Release|Any CPU
		{3008FCE0-AF53-4D43-89AA-3A9845B788FB}.Release|Any CPU.Build.0 = Release|Any CPU
	EndGlobalSection
	GlobalSection(SolutionProperties) = preSolution
		HideSolutionNode = FALSE
	EndGlobalSection
	GlobalSection(ExtensibilityGlobals) = postSolution
		SolutionGuid = {17C1CB77-8226-4AFD-AA7C-9D56F7BB11DB}
	EndGlobalSection
EndGlobal
